// !$*UTF8*$!
{
	archiveVersion = 1;
	classes = {
	};
	objectVersion = 56;
	objects = {

/* Begin PBXBuildFile section */
		25825864296725A60049E785 /* AppDelegate.swift in Sources */ = {isa = PBXBuildFile; fileRef = 25825863296725A60049E785 /* AppDelegate.swift */; };
		25825866296725A60049E785 /* SceneDelegate.swift in Sources */ = {isa = PBXBuildFile; fileRef = 25825865296725A60049E785 /* SceneDelegate.swift */; };
		25825868296725A60049E785 /* ViewController.swift in Sources */ = {isa = PBXBuildFile; fileRef = 25825867296725A60049E785 /* ViewController.swift */; };
		2582586B296725A60049E785 /* Main.storyboard in Resources */ = {isa = PBXBuildFile; fileRef = 25825869296725A60049E785 /* Main.storyboard */; };
		2582586D296725A70049E785 /* Assets.xcassets in Resources */ = {isa = PBXBuildFile; fileRef = 2582586C296725A70049E785 /* Assets.xcassets */; };
		25825870296725A70049E785 /* LaunchScreen.storyboard in Resources */ = {isa = PBXBuildFile; fileRef = 2582586E296725A70049E785 /* LaunchScreen.storyboard */; };
		2582587B296728E40049E785 /* ContinentMain.swift in Sources */ = {isa = PBXBuildFile; fileRef = 2582587A296728E40049E785 /* ContinentMain.swift */; };
		2582587D29672F240049E785 /* customTableViewCell.swift in Sources */ = {isa = PBXBuildFile; fileRef = 2582587C29672F240049E785 /* customTableViewCell.swift */; };
		2582587F29675F670049E785 /* ContinentsInit.swift in Sources */ = {isa = PBXBuildFile; fileRef = 2582587E29675F670049E785 /* ContinentsInit.swift */; };
		25825881296878140049E785 /* SecondViewController.swift in Sources */ = {isa = PBXBuildFile; fileRef = 25825880296878140049E785 /* SecondViewController.swift */; };
		25825883296C71030049E785 /* continentModel.swift in Sources */ = {isa = PBXBuildFile; fileRef = 25825882296C71030049E785 /* continentModel.swift */; };
/* End PBXBuildFile section */

/* Begin PBXFileReference section */
		25825860296725A60049E785 /* Continents.app */ = {isa = PBXFileReference; explicitFileType = wrapper.application; includeInIndex = 0; path = Continents.app; sourceTree = BUILT_PRODUCTS_DIR; };
		25825863296725A60049E785 /* AppDelegate.swift */ = {isa = PBXFileReference; lastKnownFileType = sourcecode.swift; path = AppDelegate.swift; sourceTree = "<group>"; };
		25825865296725A60049E785 /* SceneDelegate.swift */ = {isa = PBXFileReference; lastKnownFileType = sourcecode.swift; path = SceneDelegate.swift; sourceTree = "<group>"; };
		25825867296725A60049E785 /* ViewController.swift */ = {isa = PBXFileReference; lastKnownFileType = sourcecode.swift; path = ViewController.swift; sourceTree = "<group>"; };
		2582586A296725A60049E785 /* Base */ = {isa = PBXFileReference; lastKnownFileType = file.storyboard; name = Base; path = Base.lproj/Main.storyboard; sourceTree = "<group>"; };
		2582586C296725A70049E785 /* Assets.xcassets */ = {isa = PBXFileReference; lastKnownFileType = folder.assetcatalog; path = Assets.xcassets; sourceTree = "<group>"; };
		2582586F296725A70049E785 /* Base */ = {isa = PBXFileReference; lastKnownFileType = file.storyboard; name = Base; path = Base.lproj/LaunchScreen.storyboard; sourceTree = "<group>"; };
		25825871296725A70049E785 /* Info.plist */ = {isa = PBXFileReference; lastKnownFileType = text.plist.xml; path = Info.plist; sourceTree = "<group>"; };
		2582587A296728E40049E785 /* ContinentMain.swift */ = {isa = PBXFileReference; lastKnownFileType = sourcecode.swift; path = ContinentMain.swift; sourceTree = "<group>"; };
		2582587C29672F240049E785 /* customTableViewCell.swift */ = {isa = PBXFileReference; lastKnownFileType = sourcecode.swift; path = customTableViewCell.swift; sourceTree = "<group>"; };
		2582587E29675F670049E785 /* ContinentsInit.swift */ = {isa = PBXFileReference; lastKnownFileType = sourcecode.swift; path = ContinentsInit.swift; sourceTree = "<group>"; };
		25825880296878140049E785 /* SecondViewController.swift */ = {isa = PBXFileReference; lastKnownFileType = sourcecode.swift; path = SecondViewController.swift; sourceTree = "<group>"; };
		25825882296C71030049E785 /* continentModel.swift */ = {isa = PBXFileReference; lastKnownFileType = sourcecode.swift; path = continentModel.swift; sourceTree = "<group>"; };
/* End PBXFileReference section */

/* Begin PBXFrameworksBuildPhase section */
		2582585D296725A60049E785 /* Frameworks */ = {
			isa = PBXFrameworksBuildPhase;
			buildActionMask = 2147483647;
			files = (
			);
			runOnlyForDeploymentPostprocessing = 0;
		};
/* End PBXFrameworksBuildPhase section */

/* Begin PBXGroup section */
		25825857296725A60049E785 = {
			isa = PBXGroup;
			children = (
				25825862296725A60049E785 /* Continents */,
				25825861296725A60049E785 /* Products */,
			);
			sourceTree = "<group>";
		};
		25825861296725A60049E785 /* Products */ = {
			isa = PBXGroup;
			children = (
				25825860296725A60049E785 /* Continents.app */,
			);
			name = Products;
			sourceTree = "<group>";
		};
		25825862296725A60049E785 /* Continents */ = {
			isa = PBXGroup;
			children = (
				25825863296725A60049E785 /* AppDelegate.swift */,
				25825865296725A60049E785 /* SceneDelegate.swift */,
				25825879296728980049E785 /* Model */,
				258258772967286C0049E785 /* View */,
				25825878296728830049E785 /* Controller */,
				2582586C296725A70049E785 /* Assets.xcassets */,
				2582586E296725A70049E785 /* LaunchScreen.storyboard */,
				25825871296725A70049E785 /* Info.plist */,
			);
			path = Continents;
			sourceTree = "<group>";
		};
		258258772967286C0049E785 /* View */ = {
			isa = PBXGroup;
			children = (
				25825869296725A60049E785 /* Main.storyboard */,
			);
			path = View;
			sourceTree = "<group>";
		};
		25825878296728830049E785 /* Controller */ = {
			isa = PBXGroup;
			children = (
				25825867296725A60049E785 /* ViewController.swift */,
				2582587C29672F240049E785 /* customTableViewCell.swift */,
				25825880296878140049E785 /* SecondViewController.swift */,
			);
			path = Controller;
			sourceTree = "<group>";
		};
		25825879296728980049E785 /* Model */ = {
			isa = PBXGroup;
			children = (
				2582587A296728E40049E785 /* ContinentMain.swift */,
				2582587E29675F670049E785 /* ContinentsInit.swift */,
				25825882296C71030049E785 /* continentModel.swift */,
			);
			path = Model;
			sourceTree = "<group>";
		};
/* End PBXGroup section */

/* Begin PBXNativeTarget section */
		2582585F296725A60049E785 /* Continents */ = {
			isa = PBXNativeTarget;
			buildConfigurationList = 25825874296725A70049E785 /* Build configuration list for PBXNativeTarget "Continents" */;
			buildPhases = (
				2582585C296725A60049E785 /* Sources */,
				2582585D296725A60049E785 /* Frameworks */,
				2582585E296725A60049E785 /* Resources */,
			);
			buildRules = (
			);
			dependencies = (
			);
			name = Continents;
			productName = Continents;
			productReference = 25825860296725A60049E785 /* Continents.app */;
			productType = "com.apple.product-type.application";
		};
/* End PBXNativeTarget section */

/* Begin PBXProject section */
		25825858296725A60049E785 /* Project object */ = {
			isa = PBXProject;
			attributes = {
				BuildIndependentTargetsInParallel = 1;
				LastSwiftUpdateCheck = 1420;
				LastUpgradeCheck = 1420;
				TargetAttributes = {
					2582585F296725A60049E785 = {
						CreatedOnToolsVersion = 14.2;
					};
				};
			};
			buildConfigurationList = 2582585B296725A60049E785 /* Build configuration list for PBXProject "Continents" */;
			compatibilityVersion = "Xcode 14.0";
			developmentRegion = en;
			hasScannedForEncodings = 0;
			knownRegions = (
				en,
				Base,
			);
			mainGroup = 25825857296725A60049E785;
			productRefGroup = 25825861296725A60049E785 /* Products */;
			projectDirPath = "";
			projectRoot = "";
			targets = (
				2582585F296725A60049E785 /* Continents */,
			);
		};
/* End PBXProject section */

/* Begin PBXResourcesBuildPhase section */
		2582585E296725A60049E785 /* Resources */ = {
			isa = PBXResourcesBuildPhase;
			buildActionMask = 2147483647;
			files = (
				25825870296725A70049E785 /* LaunchScreen.storyboard in Resources */,
				2582586D296725A70049E785 /* Assets.xcassets in Resources */,
				2582586B296725A60049E785 /* Main.storyboard in Resources */,
			);
			runOnlyForDeploymentPostprocessing = 0;
		};
/* End PBXResourcesBuildPhase section */

/* Begin PBXSourcesBuildPhase section */
		2582585C296725A60049E785 /* Sources */ = {
			isa = PBXSourcesBuildPhase;
			buildActionMask = 2147483647;
			files = (
				25825868296725A60049E785 /* ViewController.swift in Sources */,
				2582587B296728E40049E785 /* ContinentMain.swift in Sources */,
				25825883296C71030049E785 /* continentModel.swift in Sources */,
				2582587D29672F240049E785 /* customTableViewCell.swift in Sources */,
				25825864296725A60049E785 /* AppDelegate.swift in Sources */,
				25825881296878140049E785 /* SecondViewController.swift in Sources */,
				2582587F29675F670049E785 /* ContinentsInit.swift in Sources */,
				25825866296725A60049E785 /* SceneDelegate.swift in Sources */,
			);
			runOnlyForDeploymentPostprocessing = 0;
		};
/* End PBXSourcesBuildPhase section */

/* Begin PBXVariantGroup section */
		25825869296725A60049E785 /* Main.storyboard */ = {
			isa = PBXVariantGroup;
			children = (
				2582586A296725A60049E785 /* Base */,
			);
			name = Main.storyboard;
			sourceTree = "<group>";
		};
		2582586E296725A70049E785 /* LaunchScreen.storyboard */ = {
			isa = PBXVariantGroup;
			children = (
				2582586F296725A70049E785 /* Base */,
			);
			name = LaunchScreen.storyboard;
			sourceTree = "<group>";
		};
/* End PBXVariantGroup section */

/* Begin XCBuildConfiguration section */
		25825872296725A70049E785 /* Debug */ = {
			isa = XCBuildConfiguration;
			buildSettings = {
				ALWAYS_SEARCH_USER_PATHS = NO;
				CLANG_ANALYZER_NONNULL = YES;
				CLANG_ANALYZER_NUMBER_OBJECT_CONVERSION = YES_AGGRESSIVE;
				CLANG_CXX_LANGUAGE_STANDARD = "gnu++20";
				CLANG_ENABLE_MODULES = YES;
				CLANG_ENABLE_OBJC_ARC = YES;
				CLANG_ENABLE_OBJC_WEAK = YES;
				CLANG_WARN_BLOCK_CAPTURE_AUTORELEASING = YES;
				CLANG_WARN_BOOL_CONVERSION = YES;
				CLANG_WARN_COMMA = YES;
				CLANG_WARN_CONSTANT_CONVERSION = YES;
				CLANG_WARN_DEPRECATED_OBJC_IMPLEMENTATIONS = YES;
				CLANG_WARN_DIRECT_OBJC_ISA_USAGE = YES_ERROR;
				CLANG_WARN_DOCUMENTATION_COMMENTS = YES;
				CLANG_WARN_EMPTY_BODY = YES;
				CLANG_WARN_ENUM_CONVERSION = YES;
				CLANG_WARN_INFINITE_RECURSION = YES;
				CLANG_WARN_INT_CONVERSION = YES;
				CLANG_WARN_NON_LITERAL_NULL_CONVERSION = YES;
				CLANG_WARN_OBJC_IMPLICIT_RETAIN_SELF = YES;
				CLANG_WARN_OBJC_LITERAL_CONVERSION = YES;
				CLANG_WARN_OBJC_ROOT_CLASS = YES_ERROR;
				CLANG_WARN_QUOTED_INCLUDE_IN_FRAMEWORK_HEADER = YES;
				CLANG_WARN_RANGE_LOOP_ANALYSIS = YES;
				CLANG_WARN_STRICT_PROTOTYPES = YES;
				CLANG_WARN_SUSPICIOUS_MOVE = YES;
				CLANG_WARN_UNGUARDED_AVAILABILITY = YES_AGGRESSIVE;
				CLANG_WARN_UNREACHABLE_CODE = YES;
				CLANG_WARN__DUPLICATE_METHOD_MATCH = YES;
				COPY_PHASE_STRIP = NO;
				DEBUG_INFORMATION_FORMAT = dwarf;
				ENABLE_STRICT_OBJC_MSGSEND = YES;
				ENABLE_TESTABILITY = YES;
				GCC_C_LANGUAGE_STANDARD = gnu11;
				GCC_DYNAMIC_NO_PIC = NO;
				GCC_NO_COMMON_BLOCKS = YES;
				GCC_OPTIMIZATION_LEVEL = 0;
				GCC_PREPROCESSOR_DEFINITIONS = (
					"DEBUG=1",
					"$(inherited)",
				);
				GCC_WARN_64_TO_32_BIT_CONVERSION = YES;
				GCC_WARN_ABOUT_RETURN_TYPE = YES_ERROR;
				GCC_WARN_UNDECLARED_SELECTOR = YES;
				GCC_WARN_UNINITIALIZED_AUTOS = YES_AGGRESSIVE;
				GCC_WARN_UNUSED_FUNCTION = YES;
				GCC_WARN_UNUSED_VARIABLE = YES;
				IPHONEOS_DEPLOYMENT_TARGET = 16.2;
				MTL_ENABLE_DEBUG_INFO = INCLUDE_SOURCE;
				MTL_FAST_MATH = YES;
				ONLY_ACTIVE_ARCH = YES;
				SDKROOT = iphoneos;
				SWIFT_ACTIVE_COMPILATION_CONDITIONS = DEBUG;
				SWIFT_OPTIMIZATION_LEVEL = "-Onone";
			};
			name = Debug;
		};
		25825873296725A70049E785 /* Release */ = {
			isa = XCBuildConfiguration;
			buildSettings = {
				ALWAYS_SEARCH_USER_PATHS = NO;
				CLANG_ANALYZER_NONNULL = YES;
				CLANG_ANALYZER_NUMBER_OBJECT_CONVERSION = YES_AGGRESSIVE;
				CLANG_CXX_LANGUAGE_STANDARD = "gnu++20";
				CLANG_ENABLE_MODULES = YES;
				CLANG_ENABLE_OBJC_ARC = YES;
				CLANG_ENABLE_OBJC_WEAK = YES;
				CLANG_WARN_BLOCK_CAPTURE_AUTORELEASING = YES;
				CLANG_WARN_BOOL_CONVERSION = YES;
				CLANG_WARN_COMMA = YES;
				CLANG_WARN_CONSTANT_CONVERSION = YES;
				CLANG_WARN_DEPRECATED_OBJC_IMPLEMENTATIONS = YES;
				CLANG_WARN_DIRECT_OBJC_ISA_USAGE = YES_ERROR;
				CLANG_WARN_DOCUMENTATION_COMMENTS = YES;
				CLANG_WARN_EMPTY_BODY = YES;
				CLANG_WARN_ENUM_CONVERSION = YES;
				CLANG_WARN_INFINITE_RECURSION = YES;
				CLANG_WARN_INT_CONVERSION = YES;
				CLANG_WARN_NON_LITERAL_NULL_CONVERSION = YES;
				CLANG_WARN_OBJC_IMPLICIT_RETAIN_SELF = YES;
				CLANG_WARN_OBJC_LITERAL_CONVERSION = YES;
				CLANG_WARN_OBJC_ROOT_CLASS = YES_ERROR;
				CLANG_WARN_QUOTED_INCLUDE_IN_FRAMEWORK_HEADER = YES;
				CLANG_WARN_RANGE_LOOP_ANALYSIS = YES;
				CLANG_WARN_STRICT_PROTOTYPES = YES;
				CLANG_WARN_SUSPICIOUS_MOVE = YES;
				CLANG_WARN_UNGUARDED_AVAILABILITY = YES_AGGRESSIVE;
				CLANG_WARN_UNREACHABLE_CODE = YES;
				CLANG_WARN__DUPLICATE_METHOD_MATCH = YES;
				COPY_PHASE_STRIP = NO;
				DEBUG_INFORMATION_FORMAT = "dwarf-with-dsym";
				ENABLE_NS_ASSERTIONS = NO;
				ENABLE_STRICT_OBJC_MSGSEND = YES;
				GCC_C_LANGUAGE_STANDARD = gnu11;
				GCC_NO_COMMON_BLOCKS = YES;
				GCC_WARN_64_TO_32_BIT_CONVERSION = YES;
				GCC_WARN_ABOUT_RETURN_TYPE = YES_ERROR;
				GCC_WARN_UNDECLARED_SELECTOR = YES;
				GCC_WARN_UNINITIALIZED_AUTOS = YES_AGGRESSIVE;
				GCC_WARN_UNUSED_FUNCTION = YES;
				GCC_WARN_UNUSED_VARIABLE = YES;
				IPHONEOS_DEPLOYMENT_TARGET = 16.2;
				MTL_ENABLE_DEBUG_INFO = NO;
				MTL_FAST_MATH = YES;
				SDKROOT = iphoneos;
				SWIFT_COMPILATION_MODE = wholemodule;
				SWIFT_OPTIMIZATION_LEVEL = "-O";
				VALIDATE_PRODUCT = YES;
			};
			name = Release;
		};
		25825875296725A70049E785 /* Debug */ = {
			isa = XCBuildConfiguration;
			buildSettings = {
				ASSETCATALOG_COMPILER_APPICON_NAME = AppIcon;
				ASSETCATALOG_COMPILER_GLOBAL_ACCENT_COLOR_NAME = AccentColor;
				CODE_SIGN_STYLE = Automatic;
				CURRENT_PROJECT_VERSION = 1;
				GENERATE_INFOPLIST_FILE = YES;
				INFOPLIST_FILE = Continents/Info.plist;
				INFOPLIST_KEY_UIApplicationSupportsIndirectInputEvents = YES;
				INFOPLIST_KEY_UILaunchStoryboardName = LaunchScreen;
				INFOPLIST_KEY_UIMainStoryboardFile = Main;
				INFOPLIST_KEY_UISupportedInterfaceOrientations_iPad = "UIInterfaceOrientationPortrait UIInterfaceOrientationPortraitUpsideDown UIInterfaceOrientationLandscapeLeft UIInterfaceOrientationLandscapeRight";
				INFOPLIST_KEY_UISupportedInterfaceOrientations_iPhone = "UIInterfaceOrientationPortrait UIInterfaceOrientationLandscapeLeft UIInterfaceOrientationLandscapeRight";
				LD_RUNPATH_SEARCH_PATHS = (
					"$(inherited)",
					"@executable_path/Frameworks",
				);
				MARKETING_VERSION = 1.0;
				PRODUCT_BUNDLE_IDENTIFIER = shiv.Continents;
				PRODUCT_NAME = "$(TARGET_NAME)";
				SWIFT_EMIT_LOC_STRINGS = YES;
				SWIFT_VERSION = 5.0;
				TARGETED_DEVICE_FAMILY = "1,2";
			};
			name = Debug;
		};
		25825876296725A70049E785 /* Release */ = {
			isa = XCBuildConfiguration;
			buildSettings = {
				ASSETCATALOG_COMPILER_APPICON_NAME = AppIcon;
				ASSETCATALOG_COMPILER_GLOBAL_ACCENT_COLOR_NAME = AccentColor;
				CODE_SIGN_STYLE = Automatic;
				CURRENT_PROJECT_VERSION = 1;
				GENERATE_INFOPLIST_FILE = YES;
				INFOPLIST_FILE = Continents/Info.plist;
				INFOPLIST_KEY_UIApplicationSupportsIndirectInputEvents = YES;
				INFOPLIST_KEY_UILaunchStoryboardName = LaunchScreen;
				INFOPLIST_KEY_UIMainStoryboardFile = Main;
				INFOPLIST_KEY_UISupportedInterfaceOrientations_iPad = "UIInterfaceOrientationPortrait UIInterfaceOrientationPortraitUpsideDown UIInterfaceOrientationLandscapeLeft UIInterfaceOrientationLandscapeRight";
				INFOPLIST_KEY_UISupportedInterfaceOrientations_iPhone = "UIInterfaceOrientationPortrait UIInterfaceOrientationLandscapeLeft UIInterfaceOrientationLandscapeRight";
				LD_RUNPATH_SEARCH_PATHS = (
					"$(inherited)",
					"@executable_path/Frameworks",
				);
				MARKETING_VERSION = 1.0;
				PRODUCT_BUNDLE_IDENTIFIER = shiv.Continents;
				PRODUCT_NAME = "$(TARGET_NAME)";
				SWIFT_EMIT_LOC_STRINGS = YES;
				SWIFT_VERSION = 5.0;
				TARGETED_DEVICE_FAMILY = "1,2";
			};
			name = Release;
		};
/* End XCBuildConfiguration section */

/* Begin XCConfigurationList section */
		2582585B296725A60049E785 /* Build configuration list for PBXProject "Continents" */ = {
			isa = XCConfigurationList;
			buildConfigurations = (
				25825872296725A70049E785 /* Debug */,
				25825873296725A70049E785 /* Release */,
			);
			defaultConfigurationIsVisible = 0;
			defaultConfigurationName = Release;
		};
		25825874296725A70049E785 /* Build configuration list for PBXNativeTarget "Continents" */ = {
			isa = XCConfigurationList;
			buildConfigurations = (
				25825875296725A70049E785 /* Debug */,
				25825876296725A70049E785 /* Release */,
			);
			defaultConfigurationIsVisible = 0;
			defaultConfigurationName = Release;
		};
/* End XCConfigurationList section */
	};
	rootObject = 25825858296725A60049E785 /* Project object */;
}
